
Microsoft Visual Studio Solution File, Format Version 12.00
# Visual Studio Version 17
VisualStudioVersion = 17.12.35527.113
MinimumVisualStudioVersion = 10.0.40219.1
Project("{FAE04EC0-301F-11D3-BF4B-00C04F79EFBC}") = "MonoPlus", "MonoPlus\MonoPlus.csproj", "{207F2FDD-2927-4811-BB6B-B7AAE4F7938A}"
EndProject
Project("{FAE04EC0-301F-11D3-BF4B-00C04F79EFBC}") = "SDL3.Core", "SDL3-CS\SDL3\SDL3.Core.csproj", "{EF97A734-AD89-4F8C-8B6E-7862DDECD35D}"
EndProject
Project("{FAE04EC0-301F-11D3-BF4B-00C04F79EFBC}") = "MonoPlus.Input", "MonoPlus\MonoPlus.Input\MonoPlus.Input.csproj", "{EE2D58A2-E6CD-4CF8-8A47-54AB238FB48E}"
EndProject
Project("{FAE04EC0-301F-11D3-BF4B-00C04F79EFBC}") = "MonoPlus.Graphics", "MonoPlus\MonoPlus.Graphics\MonoPlus.Graphics.csproj", "{137C4658-33E5-4735-B24D-3DEF55B8DB27}"
EndProject
Global
	GlobalSection(SolutionConfigurationPlatforms) = preSolution
		Debug|Any CPU = Debug|Any CPU
		Release|Any CPU = Release|Any CPU
	EndGlobalSection
	GlobalSection(ProjectConfigurationPlatforms) = postSolution
		{207F2FDD-2927-4811-BB6B-B7AAE4F7938A}.Debug|Any CPU.ActiveCfg = Debug|Any CPU
		{207F2FDD-2927-4811-BB6B-B7AAE4F7938A}.Debug|Any CPU.Build.0 = Debug|Any CPU
		{207F2FDD-2927-4811-BB6B-B7AAE4F7938A}.Release|Any CPU.ActiveCfg = Release|Any CPU
		{207F2FDD-2927-4811-BB6B-B7AAE4F7938A}.Release|Any CPU.Build.0 = Release|Any CPU
		{EF97A734-AD89-4F8C-8B6E-7862DDECD35D}.Debug|Any CPU.ActiveCfg = Debug|Any CPU
		{EF97A734-AD89-4F8C-8B6E-7862DDECD35D}.Debug|Any CPU.Build.0 = Debug|Any CPU
		{EF97A734-AD89-4F8C-8B6E-7862DDECD35D}.Release|Any CPU.ActiveCfg = Release|Any CPU
		{EF97A734-AD89-4F8C-8B6E-7862DDECD35D}.Release|Any CPU.Build.0 = Release|Any CPU
		{EE2D58A2-E6CD-4CF8-8A47-54AB238FB48E}.Debug|Any CPU.ActiveCfg = Debug|Any CPU
		{EE2D58A2-E6CD-4CF8-8A47-54AB238FB48E}.Debug|Any CPU.Build.0 = Debug|Any CPU
		{EE2D58A2-E6CD-4CF8-8A47-54AB238FB48E}.Release|Any CPU.ActiveCfg = Release|Any CPU
		{EE2D58A2-E6CD-4CF8-8A47-54AB238FB48E}.Release|Any CPU.Build.0 = Release|Any CPU
		{137C4658-33E5-4735-B24D-3DEF55B8DB27}.Debug|Any CPU.ActiveCfg = Debug|Any CPU
		{137C4658-33E5-4735-B24D-3DEF55B8DB27}.Debug|Any CPU.Build.0 = Debug|Any CPU
		{137C4658-33E5-4735-B24D-3DEF55B8DB27}.Release|Any CPU.ActiveCfg = Release|Any CPU
		{137C4658-33E5-4735-B24D-3DEF55B8DB27}.Release|Any CPU.Build.0 = Release|Any CPU
	EndGlobalSection
	GlobalSection(SolutionProperties) = preSolution
		HideSolutionNode = FALSE
	EndGlobalSection
EndGlobal
